
Microsoft Visual Studio Solution File, Format Version 12.00
# Visual Studio Version 17
VisualStudioVersion = 17.14.37502.11
MinimumVisualStudioVersion = 10.0.40219.1
Project("{FAE04EC0-301F-11D3-BF4B-00C04F79EFBC}") = "ZadanieRekrutacyjne", "ZadanieRekrutacyjne.csproj", "{831B6BDC-E023-4B24-999F-CD2E12B0E62F}"
EndProject
Project("{FAE04EC0-301F-11D3-BF4B-00C04F79EFBC}") = "Zadanierekrutacyjne.Tests", "..\Zadanierekrutacyjne.Tests\Zadanierekrutacyjne.Tests.csproj", "{9581A008-50EA-4968-928C-B7B743232AB2}"
EndProject
Global
	GlobalSection(SolutionConfigurationPlatforms) = preSolution
		Debug|Any CPU = Debug|Any CPU
		Debug|x64 = Debug|x64
		Debug|x86 = Debug|x86
		Release|Any CPU = Release|Any CPU
		Release|x64 = Release|x64
		Release|x86 = Release|x86
	EndGlobalSection
	GlobalSection(ProjectConfigurationPlatforms) = postSolution
		{831B6BDC-E023-4B24-999F-CD2E12B0E62F}.Debug|Any CPU.ActiveCfg = Debug|Any CPU
		{831B6BDC-E023-4B24-999F-CD2E12B0E62F}.Debug|Any CPU.Build.0 = Debug|Any CPU
		{831B6BDC-E023-4B24-999F-CD2E12B0E62F}.Debug|x64.ActiveCfg = Debug|Any CPU
		{831B6BDC-E023-4B24-999F-CD2E12B0E62F}.Debug|x64.Build.0 = Debug|Any CPU
		{831B6BDC-E023-4B24-999F-CD2E12B0E62F}.Debug|x86.ActiveCfg = Debug|Any CPU
		{831B6BDC-E023-4B24-999F-CD2E12B0E62F}.Debug|x86.Build.0 = Debug|Any CPU
		{831B6BDC-E023-4B24-999F-CD2E12B0E62F}.Release|Any CPU.ActiveCfg = Release|Any CPU
		{831B6BDC-E023-4B24-999F-CD2E12B0E62F}.Release|Any CPU.Build.0 = Release|Any CPU
		{831B6BDC-E023-4B24-999F-CD2E12B0E62F}.Release|x64.ActiveCfg = Release|Any CPU
		{831B6BDC-E023-4B24-999F-CD2E12B0E62F}.Release|x64.Build.0 = Release|Any CPU
		{831B6BDC-E023-4B24-999F-CD2E12B0E62F}.Release|x86.ActiveCfg = Release|Any CPU
		{831B6BDC-E023-4B24-999F-CD2E12B0E62F}.Release|x86.Build.0 = Release|Any CPU
		{9581A008-50EA-4968-928C-B7B743232AB2}.Debug|Any CPU.ActiveCfg = Debug|Any CPU
		{9581A008-50EA-4968-928C-B7B743232AB2}.Debug|Any CPU.Build.0 = Debug|Any CPU
		{9581A008-50EA-4968-928C-B7B743232AB2}.Debug|x64.ActiveCfg = Debug|Any CPU
		{9581A008-50EA-4968-928C-B7B743232AB2}.Debug|x64.Build.0 = Debug|Any CPU
		{9581A008-50EA-4968-928C-B7B743232AB2}.Debug|x86.ActiveCfg = Debug|Any CPU
		{9581A008-50EA-4968-928C-B7B743232AB2}.Debug|x86.Build.0 = Debug|Any CPU
		{9581A008-50EA-4968-928C-B7B743232AB2}.Release|Any CPU.ActiveCfg = Release|Any CPU
		{9581A008-50EA-4968-928C-B7B743232AB2}.Release|Any CPU.Build.0 = Release|Any CPU
		{9581A008-50EA-4968-928C-B7B743232AB2}.Release|x64.ActiveCfg = Release|Any CPU
		{9581A008-50EA-4968-928C-B7B743232AB2}.Release|x64.Build.0 = Release|Any CPU
		{9581A008-50EA-4968-928C-B7B743232AB2}.Release|x86.ActiveCfg = Release|Any CPU
		{9581A008-50EA-4968-928C-B7B743232AB2}.Release|x86.Build.0 = Release|Any CPU
	EndGlobalSection
	GlobalSection(SolutionProperties) = preSolution
		HideSolutionNode = FALSE
	EndGlobalSection
	GlobalSection(ExtensibilityGlobals) = postSolution
		SolutionGuid = {CC8D8E83-921D-4A77-AB43-A97A5B608131}
	EndGlobalSection
EndGlobal
